
Microsoft Visual Studio Solution File, Format Version 12.00
# Visual Studio Version 16
VisualStudioVersion = 16.0.30204.135
MinimumVisualStudioVersion = 10.0.40219.1
Project("{FAE04EC0-301F-11D3-BF4B-00C04F79EFBC}") = "MyPlayStation.API", "MyPlayStation.API.csproj", "{915C343E-B373-4D0B-B192-FE1BC11F2FCF}"
EndProject
Global
	GlobalSection(SolutionConfigurationPlatforms) = preSolution
		Debug|Any CPU = Debug|Any CPU
		Release|Any CPU = Release|Any CPU
	EndGlobalSection
	GlobalSection(ProjectConfigurationPlatforms) = postSolution
		{915C343E-B373-4D0B-B192-FE1BC11F2FCF}.Debug|Any CPU.ActiveCfg = Debug|Any CPU
		{915C343E-B373-4D0B-B192-FE1BC11F2FCF}.Debug|Any CPU.Build.0 = Debug|Any CPU
		{915C343E-B373-4D0B-B192-FE1BC11F2FCF}.Release|Any CPU.ActiveCfg = Release|Any CPU
		{915C343E-B373-4D0B-B192-FE1BC11F2FCF}.Release|Any CPU.Build.0 = Release|Any CPU
	EndGlobalSection
	GlobalSection(SolutionProperties) = preSolution
		HideSolutionNode = FALSE
	EndGlobalSection
	GlobalSection(ExtensibilityGlobals) = postSolution
		SolutionGuid = {69909F22-8A2A-41EB-A8A5-E7324E3707E0}
	EndGlobalSection
EndGlobal
